// !$*UTF8*$!
{
	archiveVersion = 1;
	classes = {
	};
	objectVersion = 55;
	objects = {

/* Begin PBXBuildFile section */
		217D7257834D1163ADBF0BD3 /* Pods_LoodosCase.framework in Frameworks */ = {isa = PBXBuildFile; fileRef = F005549E47B0825C6693EB52 /* Pods_LoodosCase.framework */; };
		632BD11D2A220A56002331D0 /* GoogleService-Info.plist in Resources */ = {isa = PBXBuildFile; fileRef = 632BD11C2A220A56002331D0 /* GoogleService-Info.plist */; };
		634A0B202A21E9EE00B751E4 /* AppDelegate.swift in Sources */ = {isa = PBXBuildFile; fileRef = 634A0B1F2A21E9EE00B751E4 /* AppDelegate.swift */; };
		634A0B222A21E9EE00B751E4 /* SceneDelegate.swift in Sources */ = {isa = PBXBuildFile; fileRef = 634A0B212A21E9EE00B751E4 /* SceneDelegate.swift */; };
		634A0B292A21E9EF00B751E4 /* Assets.xcassets in Resources */ = {isa = PBXBuildFile; fileRef = 634A0B282A21E9EF00B751E4 /* Assets.xcassets */; };
		634A0B2C2A21E9EF00B751E4 /* LaunchScreen.storyboard in Resources */ = {isa = PBXBuildFile; fileRef = 634A0B2A2A21E9EF00B751E4 /* LaunchScreen.storyboard */; };
		634A0B3A2A21F17800B751E4 /* SplashViewController.swift in Sources */ = {isa = PBXBuildFile; fileRef = 634A0B392A21F17800B751E4 /* SplashViewController.swift */; };
		634A0B3C2A21F1A800B751E4 /* SplashViewContracts.swift in Sources */ = {isa = PBXBuildFile; fileRef = 634A0B3B2A21F1A800B751E4 /* SplashViewContracts.swift */; };
		634A0B3E2A21F1B700B751E4 /* SplashViewModel.swift in Sources */ = {isa = PBXBuildFile; fileRef = 634A0B3D2A21F1B700B751E4 /* SplashViewModel.swift */; };
		63AE261E2A22190200B75709 /* Connection.swift in Sources */ = {isa = PBXBuildFile; fileRef = 63AE261D2A22190200B75709 /* Connection.swift */; };
		63AE26222A221B7700B75709 /* NetworkContracts.swift in Sources */ = {isa = PBXBuildFile; fileRef = 63AE26212A221B7700B75709 /* NetworkContracts.swift */; };
		63AE26242A221BA200B75709 /* HttpMethod.swift in Sources */ = {isa = PBXBuildFile; fileRef = 63AE26232A221BA200B75709 /* HttpMethod.swift */; };
		63AE26262A221BBF00B75709 /* HttpHeader.swift in Sources */ = {isa = PBXBuildFile; fileRef = 63AE26252A221BBF00B75709 /* HttpHeader.swift */; };
		63AE26282A221BDC00B75709 /* NetworkExecuter.swift in Sources */ = {isa = PBXBuildFile; fileRef = 63AE26272A221BDC00B75709 /* NetworkExecuter.swift */; };
		63AE262A2A221C2300B75709 /* NetworkError.swift in Sources */ = {isa = PBXBuildFile; fileRef = 63AE26292A221C2300B75709 /* NetworkError.swift */; };
		63AE262E2A221EF000B75709 /* String+Extensions.swift in Sources */ = {isa = PBXBuildFile; fileRef = 63AE262D2A221EF000B75709 /* String+Extensions.swift */; };
		63AE26312A2229F700B75709 /* HomeViewController.swift in Sources */ = {isa = PBXBuildFile; fileRef = 63AE26302A2229F700B75709 /* HomeViewController.swift */; };
		63AE26332A222A0E00B75709 /* HomeViewContracts.swift in Sources */ = {isa = PBXBuildFile; fileRef = 63AE26322A222A0E00B75709 /* HomeViewContracts.swift */; };
		63AE26352A222A1F00B75709 /* HomeViewModel.swift in Sources */ = {isa = PBXBuildFile; fileRef = 63AE26342A222A1F00B75709 /* HomeViewModel.swift */; };
		63AE26372A222A2F00B75709 /* HomeViewBuilder.swift in Sources */ = {isa = PBXBuildFile; fileRef = 63AE26362A222A2F00B75709 /* HomeViewBuilder.swift */; };
		63AE263B2A22323900B75709 /* LottieView.swift in Sources */ = {isa = PBXBuildFile; fileRef = 63AE263A2A22323900B75709 /* LottieView.swift */; };
		63AE263E2A2232F600B75709 /* loading-lottie.json in Resources */ = {isa = PBXBuildFile; fileRef = 63AE263D2A2232F600B75709 /* loading-lottie.json */; };
		63AE26432A2236EA00B75709 /* EntryKitHelper.swift in Sources */ = {isa = PBXBuildFile; fileRef = 63AE26422A2236EA00B75709 /* EntryKitHelper.swift */; };
		63AE26492A223F5900B75709 /* HTTPClients.swift in Sources */ = {isa = PBXBuildFile; fileRef = 63AE26482A223F5900B75709 /* HTTPClients.swift */; };
		63AE264B2A223FA700B75709 /* MoviesDataSources.swift in Sources */ = {isa = PBXBuildFile; fileRef = 63AE264A2A223FA700B75709 /* MoviesDataSources.swift */; };
		63AE264D2A223FBB00B75709 /* MoviesServices.swift in Sources */ = {isa = PBXBuildFile; fileRef = 63AE264C2A223FBB00B75709 /* MoviesServices.swift */; };
		63AE26592A22416900B75709 /* MovieRepositoryContracts.swift in Sources */ = {isa = PBXBuildFile; fileRef = 63AE26582A22416900B75709 /* MovieRepositoryContracts.swift */; };
		63AE265B2A22417800B75709 /* MoviesRepository.swift in Sources */ = {isa = PBXBuildFile; fileRef = 63AE265A2A22417800B75709 /* MoviesRepository.swift */; };
		63AE265F2A22434400B75709 /* MoviesCell.swift in Sources */ = {isa = PBXBuildFile; fileRef = 63AE265E2A22434400B75709 /* MoviesCell.swift */; };
		63AE26612A225CB400B75709 /* TableView+Extensions.swift in Sources */ = {isa = PBXBuildFile; fileRef = 63AE26602A225CB400B75709 /* TableView+Extensions.swift */; };
		63AE26632A225CF100B75709 /* EmptyView.swift in Sources */ = {isa = PBXBuildFile; fileRef = 63AE26622A225CF100B75709 /* EmptyView.swift */; };
		63AE26652A225D2100B75709 /* ChipView.swift in Sources */ = {isa = PBXBuildFile; fileRef = 63AE26642A225D2100B75709 /* ChipView.swift */; };
		63AE266B2A225DF700B75709 /* StackView+Extension.swift in Sources */ = {isa = PBXBuildFile; fileRef = 63AE266A2A225DF700B75709 /* StackView+Extension.swift */; };
		63AE266E2A225FAD00B75709 /* MovieDetailViewController.swift in Sources */ = {isa = PBXBuildFile; fileRef = 63AE266D2A225FAD00B75709 /* MovieDetailViewController.swift */; };
		63AE26702A225FBB00B75709 /* MovieDetailViewBuilder.swift in Sources */ = {isa = PBXBuildFile; fileRef = 63AE266F2A225FBB00B75709 /* MovieDetailViewBuilder.swift */; };
		63AE26722A225FC800B75709 /* MovieDetailViewContracts.swift in Sources */ = {isa = PBXBuildFile; fileRef = 63AE26712A225FC800B75709 /* MovieDetailViewContracts.swift */; };
		63AE26742A225FD400B75709 /* MovieDetailViewModel.swift in Sources */ = {isa = PBXBuildFile; fileRef = 63AE26732A225FD400B75709 /* MovieDetailViewModel.swift */; };
		63AE26782A2268AA00B75709 /* RateView.swift in Sources */ = {isa = PBXBuildFile; fileRef = 63AE26772A2268A900B75709 /* RateView.swift */; };
		63AE267A2A2268CE00B75709 /* HorizontalContainer.swift in Sources */ = {isa = PBXBuildFile; fileRef = 63AE26792A2268CE00B75709 /* HorizontalContainer.swift */; };
		63AE267C2A22696A00B75709 /* MoviesResponse.swift in Sources */ = {isa = PBXBuildFile; fileRef = 63AE267B2A22696A00B75709 /* MoviesResponse.swift */; };
		63AE267E2A22698900B75709 /* RatingResponse.swift in Sources */ = {isa = PBXBuildFile; fileRef = 63AE267D2A22698900B75709 /* RatingResponse.swift */; };
		63AE26802A2269AA00B75709 /* MovieDataResponse.swift in Sources */ = {isa = PBXBuildFile; fileRef = 63AE267F2A2269AA00B75709 /* MovieDataResponse.swift */; };
		63AE26822A2269C800B75709 /* SearchResponse.swift in Sources */ = {isa = PBXBuildFile; fileRef = 63AE26812A2269C800B75709 /* SearchResponse.swift */; };
/* End PBXBuildFile section */

/* Begin PBXFileReference section */
		632BD11C2A220A56002331D0 /* GoogleService-Info.plist */ = {isa = PBXFileReference; fileEncoding = 4; lastKnownFileType = text.plist.xml; path = "GoogleService-Info.plist"; sourceTree = "<group>"; };
		634A0B1C2A21E9EE00B751E4 /* LoodosCase.app */ = {isa = PBXFileReference; explicitFileType = wrapper.application; includeInIndex = 0; path = LoodosCase.app; sourceTree = BUILT_PRODUCTS_DIR; };
		634A0B1F2A21E9EE00B751E4 /* AppDelegate.swift */ = {isa = PBXFileReference; lastKnownFileType = sourcecode.swift; path = AppDelegate.swift; sourceTree = "<group>"; };
		634A0B212A21E9EE00B751E4 /* SceneDelegate.swift */ = {isa = PBXFileReference; lastKnownFileType = sourcecode.swift; path = SceneDelegate.swift; sourceTree = "<group>"; };
		634A0B282A21E9EF00B751E4 /* Assets.xcassets */ = {isa = PBXFileReference; lastKnownFileType = folder.assetcatalog; path = Assets.xcassets; sourceTree = "<group>"; };
		634A0B2B2A21E9EF00B751E4 /* Base */ = {isa = PBXFileReference; lastKnownFileType = file.storyboard; name = Base; path = Base.lproj/LaunchScreen.storyboard; sourceTree = "<group>"; };
		634A0B2D2A21E9EF00B751E4 /* Info.plist */ = {isa = PBXFileReference; lastKnownFileType = text.plist.xml; path = Info.plist; sourceTree = "<group>"; };
		634A0B392A21F17800B751E4 /* SplashViewController.swift */ = {isa = PBXFileReference; lastKnownFileType = sourcecode.swift; path = SplashViewController.swift; sourceTree = "<group>"; };
		634A0B3B2A21F1A800B751E4 /* SplashViewContracts.swift */ = {isa = PBXFileReference; lastKnownFileType = sourcecode.swift; path = SplashViewContracts.swift; sourceTree = "<group>"; };
		634A0B3D2A21F1B700B751E4 /* SplashViewModel.swift */ = {isa = PBXFileReference; lastKnownFileType = sourcecode.swift; path = SplashViewModel.swift; sourceTree = "<group>"; };
		63AE261D2A22190200B75709 /* Connection.swift */ = {isa = PBXFileReference; lastKnownFileType = sourcecode.swift; path = Connection.swift; sourceTree = "<group>"; };
		63AE26212A221B7700B75709 /* NetworkContracts.swift */ = {isa = PBXFileReference; lastKnownFileType = sourcecode.swift; path = NetworkContracts.swift; sourceTree = "<group>"; };
		63AE26232A221BA200B75709 /* HttpMethod.swift */ = {isa = PBXFileReference; lastKnownFileType = sourcecode.swift; path = HttpMethod.swift; sourceTree = "<group>"; };
		63AE26252A221BBF00B75709 /* HttpHeader.swift */ = {isa = PBXFileReference; lastKnownFileType = sourcecode.swift; path = HttpHeader.swift; sourceTree = "<group>"; };
		63AE26272A221BDC00B75709 /* NetworkExecuter.swift */ = {isa = PBXFileReference; lastKnownFileType = sourcecode.swift; path = NetworkExecuter.swift; sourceTree = "<group>"; };
		63AE26292A221C2300B75709 /* NetworkError.swift */ = {isa = PBXFileReference; lastKnownFileType = sourcecode.swift; path = NetworkError.swift; sourceTree = "<group>"; };
		63AE262D2A221EF000B75709 /* String+Extensions.swift */ = {isa = PBXFileReference; lastKnownFileType = sourcecode.swift; path = "String+Extensions.swift"; sourceTree = "<group>"; };
		63AE26302A2229F700B75709 /* HomeViewController.swift */ = {isa = PBXFileReference; lastKnownFileType = sourcecode.swift; path = HomeViewController.swift; sourceTree = "<group>"; };
		63AE26322A222A0E00B75709 /* HomeViewContracts.swift */ = {isa = PBXFileReference; lastKnownFileType = sourcecode.swift; path = HomeViewContracts.swift; sourceTree = "<group>"; };
		63AE26342A222A1F00B75709 /* HomeViewModel.swift */ = {isa = PBXFileReference; lastKnownFileType = sourcecode.swift; path = HomeViewModel.swift; sourceTree = "<group>"; };
		63AE26362A222A2F00B75709 /* HomeViewBuilder.swift */ = {isa = PBXFileReference; lastKnownFileType = sourcecode.swift; path = HomeViewBuilder.swift; sourceTree = "<group>"; };
		63AE263A2A22323900B75709 /* LottieView.swift */ = {isa = PBXFileReference; lastKnownFileType = sourcecode.swift; path = LottieView.swift; sourceTree = "<group>"; };
		63AE263D2A2232F600B75709 /* loading-lottie.json */ = {isa = PBXFileReference; fileEncoding = 4; lastKnownFileType = text.json; path = "loading-lottie.json"; sourceTree = "<group>"; };
		63AE26422A2236EA00B75709 /* EntryKitHelper.swift */ = {isa = PBXFileReference; lastKnownFileType = sourcecode.swift; path = EntryKitHelper.swift; sourceTree = "<group>"; };
		63AE26482A223F5900B75709 /* HTTPClients.swift */ = {isa = PBXFileReference; lastKnownFileType = sourcecode.swift; path = HTTPClients.swift; sourceTree = "<group>"; };
		63AE264A2A223FA700B75709 /* MoviesDataSources.swift */ = {isa = PBXFileReference; lastKnownFileType = sourcecode.swift; path = MoviesDataSources.swift; sourceTree = "<group>"; };
		63AE264C2A223FBB00B75709 /* MoviesServices.swift */ = {isa = PBXFileReference; lastKnownFileType = sourcecode.swift; path = MoviesServices.swift; sourceTree = "<group>"; };
		63AE26582A22416900B75709 /* MovieRepositoryContracts.swift */ = {isa = PBXFileReference; lastKnownFileType = sourcecode.swift; path = MovieRepositoryContracts.swift; sourceTree = "<group>"; };
		63AE265A2A22417800B75709 /* MoviesRepository.swift */ = {isa = PBXFileReference; lastKnownFileType = sourcecode.swift; path = MoviesRepository.swift; sourceTree = "<group>"; };
		63AE265E2A22434400B75709 /* MoviesCell.swift */ = {isa = PBXFileReference; lastKnownFileType = sourcecode.swift; path = MoviesCell.swift; sourceTree = "<group>"; };
		63AE26602A225CB400B75709 /* TableView+Extensions.swift */ = {isa = PBXFileReference; lastKnownFileType = sourcecode.swift; path = "TableView+Extensions.swift"; sourceTree = "<group>"; };
		63AE26622A225CF100B75709 /* EmptyView.swift */ = {isa = PBXFileReference; lastKnownFileType = sourcecode.swift; path = EmptyView.swift; sourceTree = "<group>"; };
		63AE26642A225D2100B75709 /* ChipView.swift */ = {isa = PBXFileReference; lastKnownFileType = sourcecode.swift; path = ChipView.swift; sourceTree = "<group>"; };
		63AE266A2A225DF700B75709 /* StackView+Extension.swift */ = {isa = PBXFileReference; lastKnownFileType = sourcecode.swift; path = "StackView+Extension.swift"; sourceTree = "<group>"; };
		63AE266D2A225FAD00B75709 /* MovieDetailViewController.swift */ = {isa = PBXFileReference; lastKnownFileType = sourcecode.swift; path = MovieDetailViewController.swift; sourceTree = "<group>"; };
		63AE266F2A225FBB00B75709 /* MovieDetailViewBuilder.swift */ = {isa = PBXFileReference; lastKnownFileType = sourcecode.swift; path = MovieDetailViewBuilder.swift; sourceTree = "<group>"; };
		63AE26712A225FC800B75709 /* MovieDetailViewContracts.swift */ = {isa = PBXFileReference; lastKnownFileType = sourcecode.swift; path = MovieDetailViewContracts.swift; sourceTree = "<group>"; };
		63AE26732A225FD400B75709 /* MovieDetailViewModel.swift */ = {isa = PBXFileReference; lastKnownFileType = sourcecode.swift; path = MovieDetailViewModel.swift; sourceTree = "<group>"; };
		63AE26772A2268A900B75709 /* RateView.swift */ = {isa = PBXFileReference; lastKnownFileType = sourcecode.swift; path = RateView.swift; sourceTree = "<group>"; };
		63AE26792A2268CE00B75709 /* HorizontalContainer.swift */ = {isa = PBXFileReference; lastKnownFileType = sourcecode.swift; path = HorizontalContainer.swift; sourceTree = "<group>"; };
		63AE267B2A22696A00B75709 /* MoviesResponse.swift */ = {isa = PBXFileReference; lastKnownFileType = sourcecode.swift; path = MoviesResponse.swift; sourceTree = "<group>"; };
		63AE267D2A22698900B75709 /* RatingResponse.swift */ = {isa = PBXFileReference; lastKnownFileType = sourcecode.swift; path = RatingResponse.swift; sourceTree = "<group>"; };
		63AE267F2A2269AA00B75709 /* MovieDataResponse.swift */ = {isa = PBXFileReference; lastKnownFileType = sourcecode.swift; path = MovieDataResponse.swift; sourceTree = "<group>"; };
		63AE26812A2269C800B75709 /* SearchResponse.swift */ = {isa = PBXFileReference; lastKnownFileType = sourcecode.swift; path = SearchResponse.swift; sourceTree = "<group>"; };
		D812664DC942CC24B60DF788 /* Pods-LoodosCase.debug.xcconfig */ = {isa = PBXFileReference; includeInIndex = 1; lastKnownFileType = text.xcconfig; name = "Pods-LoodosCase.debug.xcconfig"; path = "Target Support Files/Pods-LoodosCase/Pods-LoodosCase.debug.xcconfig"; sourceTree = "<group>"; };
		E72055BB611B78F9F5390BA9 /* Pods-LoodosCase.release.xcconfig */ = {isa = PBXFileReference; includeInIndex = 1; lastKnownFileType = text.xcconfig; name = "Pods-LoodosCase.release.xcconfig"; path = "Target Support Files/Pods-LoodosCase/Pods-LoodosCase.release.xcconfig"; sourceTree = "<group>"; };
		F005549E47B0825C6693EB52 /* Pods_LoodosCase.framework */ = {isa = PBXFileReference; explicitFileType = wrapper.framework; includeInIndex = 0; path = Pods_LoodosCase.framework; sourceTree = BUILT_PRODUCTS_DIR; };
/* End PBXFileReference section */

/* Begin PBXFrameworksBuildPhase section */
		634A0B192A21E9EE00B751E4 /* Frameworks */ = {
			isa = PBXFrameworksBuildPhase;
			buildActionMask = 2147483647;
			files = (
				217D7257834D1163ADBF0BD3 /* Pods_LoodosCase.framework in Frameworks */,
			);
			runOnlyForDeploymentPostprocessing = 0;
		};
/* End PBXFrameworksBuildPhase section */

/* Begin PBXGroup section */
		634A0B132A21E9EE00B751E4 = {
			isa = PBXGroup;
			children = (
				632BD11C2A220A56002331D0 /* GoogleService-Info.plist */,
				634A0B1E2A21E9EE00B751E4 /* LoodosCase */,
				634A0B1D2A21E9EE00B751E4 /* Products */,
				A8F94ECE42170CAA4EE7C532 /* Pods */,
				8EB0220C14B2CD866B44636A /* Frameworks */,
			);
			sourceTree = "<group>";
		};
		634A0B1D2A21E9EE00B751E4 /* Products */ = {
			isa = PBXGroup;
			children = (
				634A0B1C2A21E9EE00B751E4 /* LoodosCase.app */,
			);
			name = Products;
			sourceTree = "<group>";
		};
		634A0B1E2A21E9EE00B751E4 /* LoodosCase */ = {
			isa = PBXGroup;
			children = (
				63AE263F2A2236C100B75709 /* Helpers */,
				63AE262C2A221EE300B75709 /* Extensions */,
				63AE262B2A221DC400B75709 /* UIComponents */,
				63AE261F2A221B5B00B75709 /* DataProvider */,
				63AE261B2A2218A400B75709 /* Utilities */,
				634A0B352A21F03F00B751E4 /* Screens */,
				634A0B342A21ED9500B751E4 /* AppDelegate */,
				634A0B332A21ED5F00B751E4 /* Resource */,
				634A0B2D2A21E9EF00B751E4 /* Info.plist */,
			);
			path = LoodosCase;
			sourceTree = "<group>";
		};
		634A0B332A21ED5F00B751E4 /* Resource */ = {
			isa = PBXGroup;
			children = (
				63AE263C2A2232DB00B75709 /* Lotties */,
				634A0B2A2A21E9EF00B751E4 /* LaunchScreen.storyboard */,
				634A0B282A21E9EF00B751E4 /* Assets.xcassets */,
			);
			path = Resource;
			sourceTree = "<group>";
		};
		634A0B342A21ED9500B751E4 /* AppDelegate */ = {
			isa = PBXGroup;
			children = (
				634A0B1F2A21E9EE00B751E4 /* AppDelegate.swift */,
				634A0B212A21E9EE00B751E4 /* SceneDelegate.swift */,
			);
			path = AppDelegate;
			sourceTree = "<group>";
		};
		634A0B352A21F03F00B751E4 /* Screens */ = {
			isa = PBXGroup;
			children = (
				63AE266C2A225F9F00B75709 /* MovieDetail */,
				63AE262F2A2229E900B75709 /* Home */,
				634A0B382A21F14D00B751E4 /* Splash */,
			);
			path = Screens;
			sourceTree = "<group>";
		};
		634A0B382A21F14D00B751E4 /* Splash */ = {
			isa = PBXGroup;
			children = (
				634A0B392A21F17800B751E4 /* SplashViewController.swift */,
				634A0B3B2A21F1A800B751E4 /* SplashViewContracts.swift */,
				634A0B3D2A21F1B700B751E4 /* SplashViewModel.swift */,
			);
			path = Splash;
			sourceTree = "<group>";
		};
		63AE261B2A2218A400B75709 /* Utilities */ = {
			isa = PBXGroup;
			children = (
				63AE261C2A2218AD00B75709 /* Connection */,
			);
			path = Utilities;
			sourceTree = "<group>";
		};
		63AE261C2A2218AD00B75709 /* Connection */ = {
			isa = PBXGroup;
			children = (
				63AE261D2A22190200B75709 /* Connection.swift */,
			);
			path = Connection;
			sourceTree = "<group>";
		};
		63AE261F2A221B5B00B75709 /* DataProvider */ = {
			isa = PBXGroup;
			children = (
				63AE26562A22414A00B75709 /* Repository */,
				63AE26442A223ED800B75709 /* Remote */,
				63AE26202A221B6500B75709 /* Core */,
			);
			path = DataProvider;
			sourceTree = "<group>";
		};
		63AE26202A221B6500B75709 /* Core */ = {
			isa = PBXGroup;
			children = (
				63AE26212A221B7700B75709 /* NetworkContracts.swift */,
				63AE26232A221BA200B75709 /* HttpMethod.swift */,
				63AE26252A221BBF00B75709 /* HttpHeader.swift */,
				63AE26272A221BDC00B75709 /* NetworkExecuter.swift */,
				63AE26292A221C2300B75709 /* NetworkError.swift */,
			);
			path = Core;
			sourceTree = "<group>";
		};
		63AE262B2A221DC400B75709 /* UIComponents */ = {
			isa = PBXGroup;
			children = (
				63AE265C2A22432400B75709 /* Cells */,
				63AE26382A22320C00B75709 /* UIViews */,
			);
			path = UIComponents;
			sourceTree = "<group>";
		};
		63AE262C2A221EE300B75709 /* Extensions */ = {
			isa = PBXGroup;
			children = (
				63AE262D2A221EF000B75709 /* String+Extensions.swift */,
				63AE26602A225CB400B75709 /* TableView+Extensions.swift */,
				63AE266A2A225DF700B75709 /* StackView+Extension.swift */,
			);
			path = Extensions;
			sourceTree = "<group>";
		};
		63AE262F2A2229E900B75709 /* Home */ = {
			isa = PBXGroup;
			children = (
				63AE26302A2229F700B75709 /* HomeViewController.swift */,
				63AE26322A222A0E00B75709 /* HomeViewContracts.swift */,
				63AE26342A222A1F00B75709 /* HomeViewModel.swift */,
				63AE26362A222A2F00B75709 /* HomeViewBuilder.swift */,
			);
			path = Home;
			sourceTree = "<group>";
		};
		63AE26382A22320C00B75709 /* UIViews */ = {
			isa = PBXGroup;
			children = (
				63AE263A2A22323900B75709 /* LottieView.swift */,
				63AE26622A225CF100B75709 /* EmptyView.swift */,
				63AE26642A225D2100B75709 /* ChipView.swift */,
				63AE26772A2268A900B75709 /* RateView.swift */,
				63AE26792A2268CE00B75709 /* HorizontalContainer.swift */,
			);
			path = UIViews;
			sourceTree = "<group>";
		};
		63AE263C2A2232DB00B75709 /* Lotties */ = {
			isa = PBXGroup;
			children = (
				63AE263D2A2232F600B75709 /* loading-lottie.json */,
			);
			path = Lotties;
			sourceTree = "<group>";
		};
		63AE263F2A2236C100B75709 /* Helpers */ = {
			isa = PBXGroup;
			children = (
				63AE26402A2236CC00B75709 /* EntryKit */,
			);
			path = Helpers;
			sourceTree = "<group>";
		};
		63AE26402A2236CC00B75709 /* EntryKit */ = {
			isa = PBXGroup;
			children = (
				63AE26422A2236EA00B75709 /* EntryKitHelper.swift */,
			);
			path = EntryKit;
			sourceTree = "<group>";
		};
		63AE26442A223ED800B75709 /* Remote */ = {
			isa = PBXGroup;
			children = (
				63AE26472A223F3B00B75709 /* MovieServices */,
				63AE26462A223F2600B75709 /* HTTPClients */,
				63AE26452A223EE200B75709 /* Models */,
			);
			path = Remote;
			sourceTree = "<group>";
		};
		63AE26452A223EE200B75709 /* Models */ = {
			isa = PBXGroup;
			children = (
				63AE267B2A22696A00B75709 /* MoviesResponse.swift */,
				63AE267D2A22698900B75709 /* RatingResponse.swift */,
				63AE267F2A2269AA00B75709 /* MovieDataResponse.swift */,
				63AE26812A2269C800B75709 /* SearchResponse.swift */,
			);
			path = Models;
			sourceTree = "<group>";
		};
		63AE26462A223F2600B75709 /* HTTPClients */ = {
			isa = PBXGroup;
			children = (
				63AE26482A223F5900B75709 /* HTTPClients.swift */,
			);
			path = HTTPClients;
			sourceTree = "<group>";
		};
		63AE26472A223F3B00B75709 /* MovieServices */ = {
			isa = PBXGroup;
			children = (
				63AE264A2A223FA700B75709 /* MoviesDataSources.swift */,
				63AE264C2A223FBB00B75709 /* MoviesServices.swift */,
			);
			path = MovieServices;
			sourceTree = "<group>";
		};
		63AE26562A22414A00B75709 /* Repository */ = {
			isa = PBXGroup;
			children = (
				63AE26572A22415700B75709 /* MoviesRepository */,
			);
			path = Repository;
			sourceTree = "<group>";
		};
		63AE26572A22415700B75709 /* MoviesRepository */ = {
			isa = PBXGroup;
			children = (
				63AE26582A22416900B75709 /* MovieRepositoryContracts.swift */,
				63AE265A2A22417800B75709 /* MoviesRepository.swift */,
			);
			path = MoviesRepository;
			sourceTree = "<group>";
		};
		63AE265C2A22432400B75709 /* Cells */ = {
			isa = PBXGroup;
			children = (
				63AE265D2A22432B00B75709 /* MoviesCell */,
			);
			path = Cells;
			sourceTree = "<group>";
		};
		63AE265D2A22432B00B75709 /* MoviesCell */ = {
			isa = PBXGroup;
			children = (
				63AE265E2A22434400B75709 /* MoviesCell.swift */,
			);
			path = MoviesCell;
			sourceTree = "<group>";
		};
		63AE266C2A225F9F00B75709 /* MovieDetail */ = {
			isa = PBXGroup;
			children = (
				63AE266D2A225FAD00B75709 /* MovieDetailViewController.swift */,
				63AE266F2A225FBB00B75709 /* MovieDetailViewBuilder.swift */,
				63AE26712A225FC800B75709 /* MovieDetailViewContracts.swift */,
				63AE26732A225FD400B75709 /* MovieDetailViewModel.swift */,
			);
			path = MovieDetail;
			sourceTree = "<group>";
		};
		8EB0220C14B2CD866B44636A /* Frameworks */ = {
			isa = PBXGroup;
			children = (
				F005549E47B0825C6693EB52 /* Pods_LoodosCase.framework */,
			);
			name = Frameworks;
			sourceTree = "<group>";
		};
		A8F94ECE42170CAA4EE7C532 /* Pods */ = {
			isa = PBXGroup;
			children = (
				D812664DC942CC24B60DF788 /* Pods-LoodosCase.debug.xcconfig */,
				E72055BB611B78F9F5390BA9 /* Pods-LoodosCase.release.xcconfig */,
			);
			path = Pods;
			sourceTree = "<group>";
		};
/* End PBXGroup section */

/* Begin PBXNativeTarget section */
		634A0B1B2A21E9EE00B751E4 /* LoodosCase */ = {
			isa = PBXNativeTarget;
			buildConfigurationList = 634A0B302A21E9EF00B751E4 /* Build configuration list for PBXNativeTarget "LoodosCase" */;
			buildPhases = (
				B240C1A1040D7BD543D9CFE1 /* [CP] Check Pods Manifest.lock */,
				634A0B182A21E9EE00B751E4 /* Sources */,
				634A0B192A21E9EE00B751E4 /* Frameworks */,
				634A0B1A2A21E9EE00B751E4 /* Resources */,
				1D22F0AE5D99E55F81442FF8 /* [CP] Embed Pods Frameworks */,
			);
			buildRules = (
			);
			dependencies = (
			);
			name = LoodosCase;
			productName = LoodosCase;
			productReference = 634A0B1C2A21E9EE00B751E4 /* LoodosCase.app */;
			productType = "com.apple.product-type.application";
		};
/* End PBXNativeTarget section */

/* Begin PBXProject section */
		634A0B142A21E9EE00B751E4 /* Project object */ = {
			isa = PBXProject;
			attributes = {
				BuildIndependentTargetsInParallel = 1;
				LastSwiftUpdateCheck = 1430;
				LastUpgradeCheck = 1430;
				TargetAttributes = {
					634A0B1B2A21E9EE00B751E4 = {
						CreatedOnToolsVersion = 14.3;
					};
				};
			};
			buildConfigurationList = 634A0B172A21E9EE00B751E4 /* Build configuration list for PBXProject "LoodosCase" */;
			compatibilityVersion = "Xcode 13.0";
			developmentRegion = en;
			hasScannedForEncodings = 0;
			knownRegions = (
				en,
				Base,
			);
			mainGroup = 634A0B132A21E9EE00B751E4;
			productRefGroup = 634A0B1D2A21E9EE00B751E4 /* Products */;
			projectDirPath = "";
			projectRoot = "";
			targets = (
				634A0B1B2A21E9EE00B751E4 /* LoodosCase */,
			);
		};
/* End PBXProject section */

/* Begin PBXResourcesBuildPhase section */
		634A0B1A2A21E9EE00B751E4 /* Resources */ = {
			isa = PBXResourcesBuildPhase;
			buildActionMask = 2147483647;
			files = (
				634A0B2C2A21E9EF00B751E4 /* LaunchScreen.storyboard in Resources */,
				634A0B292A21E9EF00B751E4 /* Assets.xcassets in Resources */,
				632BD11D2A220A56002331D0 /* GoogleService-Info.plist in Resources */,
				63AE263E2A2232F600B75709 /* loading-lottie.json in Resources */,
			);
			runOnlyForDeploymentPostprocessing = 0;
		};
/* End PBXResourcesBuildPhase section */

/* Begin PBXShellScriptBuildPhase section */
		1D22F0AE5D99E55F81442FF8 /* [CP] Embed Pods Frameworks */ = {
			isa = PBXShellScriptBuildPhase;
			buildActionMask = 2147483647;
			files = (
			);
			inputFileListPaths = (
				"${PODS_ROOT}/Target Support Files/Pods-LoodosCase/Pods-LoodosCase-frameworks-${CONFIGURATION}-input-files.xcfilelist",
			);
			name = "[CP] Embed Pods Frameworks";
			outputFileListPaths = (
				"${PODS_ROOT}/Target Support Files/Pods-LoodosCase/Pods-LoodosCase-frameworks-${CONFIGURATION}-output-files.xcfilelist",
			);
			runOnlyForDeploymentPostprocessing = 0;
			shellPath = /bin/sh;
			shellScript = "\"${PODS_ROOT}/Target Support Files/Pods-LoodosCase/Pods-LoodosCase-frameworks.sh\"\n";
			showEnvVarsInLog = 0;
		};
		B240C1A1040D7BD543D9CFE1 /* [CP] Check Pods Manifest.lock */ = {
			isa = PBXShellScriptBuildPhase;
			buildActionMask = 2147483647;
			files = (
			);
			inputFileListPaths = (
			);
			inputPaths = (
				"${PODS_PODFILE_DIR_PATH}/Podfile.lock",
				"${PODS_ROOT}/Manifest.lock",
			);
			name = "[CP] Check Pods Manifest.lock";
			outputFileListPaths = (
			);
			outputPaths = (
				"$(DERIVED_FILE_DIR)/Pods-LoodosCase-checkManifestLockResult.txt",
			);
			runOnlyForDeploymentPostprocessing = 0;
			shellPath = /bin/sh;
			shellScript = "diff \"${PODS_PODFILE_DIR_PATH}/Podfile.lock\" \"${PODS_ROOT}/Manifest.lock\" > /dev/null\nif [ $? != 0 ] ; then\n    # print error to STDERR\n    echo \"error: The sandbox is not in sync with the Podfile.lock. Run 'pod install' or update your CocoaPods installation.\" >&2\n    exit 1\nfi\n# This output is used by Xcode 'outputs' to avoid re-running this script phase.\necho \"SUCCESS\" > \"${SCRIPT_OUTPUT_FILE_0}\"\n";
			showEnvVarsInLog = 0;
		};
/* End PBXShellScriptBuildPhase section */

/* Begin PBXSourcesBuildPhase section */
		634A0B182A21E9EE00B751E4 /* Sources */ = {
			isa = PBXSourcesBuildPhase;
			buildActionMask = 2147483647;
			files = (
				63AE26822A2269C800B75709 /* SearchResponse.swift in Sources */,
				634A0B3E2A21F1B700B751E4 /* SplashViewModel.swift in Sources */,
				63AE263B2A22323900B75709 /* LottieView.swift in Sources */,
				63AE261E2A22190200B75709 /* Connection.swift in Sources */,
				634A0B3A2A21F17800B751E4 /* SplashViewController.swift in Sources */,
				63AE265B2A22417800B75709 /* MoviesRepository.swift in Sources */,
				63AE26612A225CB400B75709 /* TableView+Extensions.swift in Sources */,
				63AE26282A221BDC00B75709 /* NetworkExecuter.swift in Sources */,
				63AE262E2A221EF000B75709 /* String+Extensions.swift in Sources */,
				634A0B202A21E9EE00B751E4 /* AppDelegate.swift in Sources */,
				63AE26242A221BA200B75709 /* HttpMethod.swift in Sources */,
				634A0B222A21E9EE00B751E4 /* SceneDelegate.swift in Sources */,
				63AE266E2A225FAD00B75709 /* MovieDetailViewController.swift in Sources */,
				63AE26702A225FBB00B75709 /* MovieDetailViewBuilder.swift in Sources */,
				63AE26432A2236EA00B75709 /* EntryKitHelper.swift in Sources */,
				63AE26652A225D2100B75709 /* ChipView.swift in Sources */,
				634A0B3C2A21F1A800B751E4 /* SplashViewContracts.swift in Sources */,
				63AE26332A222A0E00B75709 /* HomeViewContracts.swift in Sources */,
				63AE266B2A225DF700B75709 /* StackView+Extension.swift in Sources */,
				63AE26742A225FD400B75709 /* MovieDetailViewModel.swift in Sources */,
				63AE26722A225FC800B75709 /* MovieDetailViewContracts.swift in Sources */,
				63AE26632A225CF100B75709 /* EmptyView.swift in Sources */,
				63AE26222A221B7700B75709 /* NetworkContracts.swift in Sources */,
				63AE264D2A223FBB00B75709 /* MoviesServices.swift in Sources */,
				63AE267A2A2268CE00B75709 /* HorizontalContainer.swift in Sources */,
				63AE265F2A22434400B75709 /* MoviesCell.swift in Sources */,
				63AE26592A22416900B75709 /* MovieRepositoryContracts.swift in Sources */,
				63AE26802A2269AA00B75709 /* MovieDataResponse.swift in Sources */,
				63AE267C2A22696A00B75709 /* MoviesResponse.swift in Sources */,
				63AE26372A222A2F00B75709 /* HomeViewBuilder.swift in Sources */,
				63AE26492A223F5900B75709 /* HTTPClients.swift in Sources */,
				63AE267E2A22698900B75709 /* RatingResponse.swift in Sources */,
				63AE262A2A221C2300B75709 /* NetworkError.swift in Sources */,
				63AE26312A2229F700B75709 /* HomeViewController.swift in Sources */,
				63AE26352A222A1F00B75709 /* HomeViewModel.swift in Sources */,
				63AE26262A221BBF00B75709 /* HttpHeader.swift in Sources */,
				63AE26782A2268AA00B75709 /* RateView.swift in Sources */,
				63AE264B2A223FA700B75709 /* MoviesDataSources.swift in Sources */,
			);
			runOnlyForDeploymentPostprocessing = 0;
		};
/* End PBXSourcesBuildPhase section */

/* Begin PBXVariantGroup section */
		634A0B2A2A21E9EF00B751E4 /* LaunchScreen.storyboard */ = {
			isa = PBXVariantGroup;
			children = (
				634A0B2B2A21E9EF00B751E4 /* Base */,
			);
			name = LaunchScreen.storyboard;
			sourceTree = "<group>";
		};
/* End PBXVariantGroup section */

/* Begin XCBuildConfiguration section */
		634A0B2E2A21E9EF00B751E4 /* Debug */ = {
			isa = XCBuildConfiguration;
			buildSettings = {
				ALWAYS_SEARCH_USER_PATHS = NO;
				CLANG_ANALYZER_NONNULL = YES;
				CLANG_ANALYZER_NUMBER_OBJECT_CONVERSION = YES_AGGRESSIVE;
				CLANG_CXX_LANGUAGE_STANDARD = "gnu++20";
				CLANG_ENABLE_MODULES = YES;
				CLANG_ENABLE_OBJC_ARC = YES;
				CLANG_ENABLE_OBJC_WEAK = YES;
				CLANG_WARN_BLOCK_CAPTURE_AUTORELEASING = YES;
				CLANG_WARN_BOOL_CONVERSION = YES;
				CLANG_WARN_COMMA = YES;
				CLANG_WARN_CONSTANT_CONVERSION = YES;
				CLANG_WARN_DEPRECATED_OBJC_IMPLEMENTATIONS = YES;
				CLANG_WARN_DIRECT_OBJC_ISA_USAGE = YES_ERROR;
				CLANG_WARN_DOCUMENTATION_COMMENTS = YES;
				CLANG_WARN_EMPTY_BODY = YES;
				CLANG_WARN_ENUM_CONVERSION = YES;
				CLANG_WARN_INFINITE_RECURSION = YES;
				CLANG_WARN_INT_CONVERSION = YES;
				CLANG_WARN_NON_LITERAL_NULL_CONVERSION = YES;
				CLANG_WARN_OBJC_IMPLICIT_RETAIN_SELF = YES;
				CLANG_WARN_OBJC_LITERAL_CONVERSION = YES;
				CLANG_WARN_OBJC_ROOT_CLASS = YES_ERROR;
				CLANG_WARN_QUOTED_INCLUDE_IN_FRAMEWORK_HEADER = YES;
				CLANG_WARN_RANGE_LOOP_ANALYSIS = YES;
				CLANG_WARN_STRICT_PROTOTYPES = YES;
				CLANG_WARN_SUSPICIOUS_MOVE = YES;
				CLANG_WARN_UNGUARDED_AVAILABILITY = YES_AGGRESSIVE;
				CLANG_WARN_UNREACHABLE_CODE = YES;
				CLANG_WARN__DUPLICATE_METHOD_MATCH = YES;
				COPY_PHASE_STRIP = NO;
				DEBUG_INFORMATION_FORMAT = dwarf;
				ENABLE_STRICT_OBJC_MSGSEND = YES;
				ENABLE_TESTABILITY = YES;
				GCC_C_LANGUAGE_STANDARD = gnu11;
				GCC_DYNAMIC_NO_PIC = NO;
				GCC_NO_COMMON_BLOCKS = YES;
				GCC_OPTIMIZATION_LEVEL = 0;
				GCC_PREPROCESSOR_DEFINITIONS = (
					"DEBUG=1",
					"$(inherited)",
				);
				GCC_WARN_64_TO_32_BIT_CONVERSION = YES;
				GCC_WARN_ABOUT_RETURN_TYPE = YES_ERROR;
				GCC_WARN_UNDECLARED_SELECTOR = YES;
				GCC_WARN_UNINITIALIZED_AUTOS = YES_AGGRESSIVE;
				GCC_WARN_UNUSED_FUNCTION = YES;
				GCC_WARN_UNUSED_VARIABLE = YES;
				IPHONEOS_DEPLOYMENT_TARGET = 15.4;
				MTL_ENABLE_DEBUG_INFO = INCLUDE_SOURCE;
				MTL_FAST_MATH = YES;
				ONLY_ACTIVE_ARCH = YES;
				SDKROOT = iphoneos;
				SWIFT_ACTIVE_COMPILATION_CONDITIONS = DEBUG;
				SWIFT_OPTIMIZATION_LEVEL = "-Onone";
			};
			name = Debug;
		};
		634A0B2F2A21E9EF00B751E4 /* Release */ = {
			isa = XCBuildConfiguration;
			buildSettings = {
				ALWAYS_SEARCH_USER_PATHS = NO;
				CLANG_ANALYZER_NONNULL = YES;
				CLANG_ANALYZER_NUMBER_OBJECT_CONVERSION = YES_AGGRESSIVE;
				CLANG_CXX_LANGUAGE_STANDARD = "gnu++20";
				CLANG_ENABLE_MODULES = YES;
				CLANG_ENABLE_OBJC_ARC = YES;
				CLANG_ENABLE_OBJC_WEAK = YES;
				CLANG_WARN_BLOCK_CAPTURE_AUTORELEASING = YES;
				CLANG_WARN_BOOL_CONVERSION = YES;
				CLANG_WARN_COMMA = YES;
				CLANG_WARN_CONSTANT_CONVERSION = YES;
				CLANG_WARN_DEPRECATED_OBJC_IMPLEMENTATIONS = YES;
				CLANG_WARN_DIRECT_OBJC_ISA_USAGE = YES_ERROR;
				CLANG_WARN_DOCUMENTATION_COMMENTS = YES;
				CLANG_WARN_EMPTY_BODY = YES;
				CLANG_WARN_ENUM_CONVERSION = YES;
				CLANG_WARN_INFINITE_RECURSION = YES;
				CLANG_WARN_INT_CONVERSION = YES;
				CLANG_WARN_NON_LITERAL_NULL_CONVERSION = YES;
				CLANG_WARN_OBJC_IMPLICIT_RETAIN_SELF = YES;
				CLANG_WARN_OBJC_LITERAL_CONVERSION = YES;
				CLANG_WARN_OBJC_ROOT_CLASS = YES_ERROR;
				CLANG_WARN_QUOTED_INCLUDE_IN_FRAMEWORK_HEADER = YES;
				CLANG_WARN_RANGE_LOOP_ANALYSIS = YES;
				CLANG_WARN_STRICT_PROTOTYPES = YES;
				CLANG_WARN_SUSPICIOUS_MOVE = YES;
				CLANG_WARN_UNGUARDED_AVAILABILITY = YES_AGGRESSIVE;
				CLANG_WARN_UNREACHABLE_CODE = YES;
				CLANG_WARN__DUPLICATE_METHOD_MATCH = YES;
				COPY_PHASE_STRIP = NO;
				DEBUG_INFORMATION_FORMAT = "dwarf-with-dsym";
				ENABLE_NS_ASSERTIONS = NO;
				ENABLE_STRICT_OBJC_MSGSEND = YES;
				GCC_C_LANGUAGE_STANDARD = gnu11;
				GCC_NO_COMMON_BLOCKS = YES;
				GCC_WARN_64_TO_32_BIT_CONVERSION = YES;
				GCC_WARN_ABOUT_RETURN_TYPE = YES_ERROR;
				GCC_WARN_UNDECLARED_SELECTOR = YES;
				GCC_WARN_UNINITIALIZED_AUTOS = YES_AGGRESSIVE;
				GCC_WARN_UNUSED_FUNCTION = YES;
				GCC_WARN_UNUSED_VARIABLE = YES;
				IPHONEOS_DEPLOYMENT_TARGET = 15.4;
				MTL_ENABLE_DEBUG_INFO = NO;
				MTL_FAST_MATH = YES;
				SDKROOT = iphoneos;
				SWIFT_COMPILATION_MODE = wholemodule;
				SWIFT_OPTIMIZATION_LEVEL = "-O";
				VALIDATE_PRODUCT = YES;
			};
			name = Release;
		};
		634A0B312A21E9EF00B751E4 /* Debug */ = {
			isa = XCBuildConfiguration;
			baseConfigurationReference = D812664DC942CC24B60DF788 /* Pods-LoodosCase.debug.xcconfig */;
			buildSettings = {
				ASSETCATALOG_COMPILER_APPICON_NAME = AppIcon;
				ASSETCATALOG_COMPILER_GLOBAL_ACCENT_COLOR_NAME = AccentColor;
				CODE_SIGN_STYLE = Automatic;
				CURRENT_PROJECT_VERSION = 1;
				DEVELOPMENT_TEAM = M4GCR56FHH;
				GENERATE_INFOPLIST_FILE = YES;
				INFOPLIST_FILE = LoodosCase/Info.plist;
				INFOPLIST_KEY_UIApplicationSupportsIndirectInputEvents = YES;
				INFOPLIST_KEY_UILaunchStoryboardName = LaunchScreen;
				INFOPLIST_KEY_UISupportedInterfaceOrientations_iPad = "UIInterfaceOrientationPortrait UIInterfaceOrientationPortraitUpsideDown UIInterfaceOrientationLandscapeLeft UIInterfaceOrientationLandscapeRight";
				INFOPLIST_KEY_UISupportedInterfaceOrientations_iPhone = "UIInterfaceOrientationPortrait UIInterfaceOrientationLandscapeLeft UIInterfaceOrientationLandscapeRight";
				LD_RUNPATH_SEARCH_PATHS = (
					"$(inherited)",
					"@executable_path/Frameworks",
				);
				MARKETING_VERSION = 1.0;
				PRODUCT_BUNDLE_IDENTIFIER = gizemduman.LoodosCase;
				PRODUCT_NAME = "$(TARGET_NAME)";
				SWIFT_EMIT_LOC_STRINGS = YES;
				SWIFT_VERSION = 5.0;
				TARGETED_DEVICE_FAMILY = "1,2";
			};
			name = Debug;
		};
		634A0B322A21E9EF00B751E4 /* Release */ = {
			isa = XCBuildConfiguration;
			baseConfigurationReference = E72055BB611B78F9F5390BA9 /* Pods-LoodosCase.release.xcconfig */;
			buildSettings = {
				ASSETCATALOG_COMPILER_APPICON_NAME = AppIcon;
				ASSETCATALOG_COMPILER_GLOBAL_ACCENT_COLOR_NAME = AccentColor;
				CODE_SIGN_STYLE = Automatic;
				CURRENT_PROJECT_VERSION = 1;
				DEVELOPMENT_TEAM = M4GCR56FHH;
				GENERATE_INFOPLIST_FILE = YES;
				INFOPLIST_FILE = LoodosCase/Info.plist;
				INFOPLIST_KEY_UIApplicationSupportsIndirectInputEvents = YES;
				INFOPLIST_KEY_UILaunchStoryboardName = LaunchScreen;
				INFOPLIST_KEY_UISupportedInterfaceOrientations_iPad = "UIInterfaceOrientationPortrait UIInterfaceOrientationPortraitUpsideDown UIInterfaceOrientationLandscapeLeft UIInterfaceOrientationLandscapeRight";
				INFOPLIST_KEY_UISupportedInterfaceOrientations_iPhone = "UIInterfaceOrientationPortrait UIInterfaceOrientationLandscapeLeft UIInterfaceOrientationLandscapeRight";
				LD_RUNPATH_SEARCH_PATHS = (
					"$(inherited)",
					"@executable_path/Frameworks",
				);
				MARKETING_VERSION = 1.0;
				PRODUCT_BUNDLE_IDENTIFIER = gizemduman.LoodosCase;
				PRODUCT_NAME = "$(TARGET_NAME)";
				SWIFT_EMIT_LOC_STRINGS = YES;
				SWIFT_VERSION = 5.0;
				TARGETED_DEVICE_FAMILY = "1,2";
			};
			name = Release;
		};
/* End XCBuildConfiguration section */

/* Begin XCConfigurationList section */
		634A0B172A21E9EE00B751E4 /* Build configuration list for PBXProject "LoodosCase" */ = {
			isa = XCConfigurationList;
			buildConfigurations = (
				634A0B2E2A21E9EF00B751E4 /* Debug */,
				634A0B2F2A21E9EF00B751E4 /* Release */,
			);
			defaultConfigurationIsVisible = 0;
			defaultConfigurationName = Release;
		};
		634A0B302A21E9EF00B751E4 /* Build configuration list for PBXNativeTarget "LoodosCase" */ = {
			isa = XCConfigurationList;
			buildConfigurations = (
				634A0B312A21E9EF00B751E4 /* Debug */,
				634A0B322A21E9EF00B751E4 /* Release */,
			);
			defaultConfigurationIsVisible = 0;
			defaultConfigurationName = Release;
		};
/* End XCConfigurationList section */
	};
	rootObject = 634A0B142A21E9EE00B751E4 /* Project object */;
}
